
Microsoft Visual Studio Solution File, Format Version 12.00
# Visual Studio Version 17
VisualStudioVersion = 17.3.32901.215
MinimumVisualStudioVersion = 10.0.40219.1
Project("{8BC9CEB8-8B4A-11D0-8D11-00A0C91BC942}") = "CameraDriver", "CameraDriver\CameraDriver.vcxproj", "{F913AA51-2049-42A4-AED6-EEE8AA5FCBA7}"
EndProject
Project("{888888A0-9F3D-457C-B088-3A5042F75D52}") = "DriverTest", "DriverTest\DriverTest.pyproj", "{E788BB17-D381-45AF-9304-2DE96BD90EE6}"
EndProject
Project("{888888A0-9F3D-457C-B088-3A5042F75D52}") = "ObjectRecognitionTraining", "ObjectRecognitionTraining\ObjectRecognitionTraining.pyproj", "{F8297747-9D50-44F0-9584-9E026A582F03}"
EndProject
Project("{888888A0-9F3D-457C-B088-3A5042F75D52}") = "ObjectRecognition", "ObjectRecognition\ObjectRecognition.pyproj", "{CF15AE9D-B995-4B39-A6B7-052654AA8351}"
EndProject
Project("{888888A0-9F3D-457C-B088-3A5042F75D52}") = "VideoInference", "VideoInference\VideoInference.pyproj", "{1C4B4EE7-9892-4864-994E-89EE582721CB}"
EndProject
Global
	GlobalSection(SolutionConfigurationPlatforms) = preSolution
		Debug|Any CPU = Debug|Any CPU
		Debug|x64 = Debug|x64
		Debug|x86 = Debug|x86
		Release|Any CPU = Release|Any CPU
		Release|x64 = Release|x64
		Release|x86 = Release|x86
	EndGlobalSection
	GlobalSection(ProjectConfigurationPlatforms) = postSolution
		{F913AA51-2049-42A4-AED6-EEE8AA5FCBA7}.Debug|Any CPU.ActiveCfg = Debug|x64
		{F913AA51-2049-42A4-AED6-EEE8AA5FCBA7}.Debug|Any CPU.Build.0 = Debug|x64
		{F913AA51-2049-42A4-AED6-EEE8AA5FCBA7}.Debug|x64.ActiveCfg = Debug|x64
		{F913AA51-2049-42A4-AED6-EEE8AA5FCBA7}.Debug|x64.Build.0 = Debug|x64
		{F913AA51-2049-42A4-AED6-EEE8AA5FCBA7}.Debug|x86.ActiveCfg = Debug|Win32
		{F913AA51-2049-42A4-AED6-EEE8AA5FCBA7}.Debug|x86.Build.0 = Debug|Win32
		{F913AA51-2049-42A4-AED6-EEE8AA5FCBA7}.Release|Any CPU.ActiveCfg = Release|x64
		{F913AA51-2049-42A4-AED6-EEE8AA5FCBA7}.Release|Any CPU.Build.0 = Release|x64
		{F913AA51-2049-42A4-AED6-EEE8AA5FCBA7}.Release|x64.ActiveCfg = Release|x64
		{F913AA51-2049-42A4-AED6-EEE8AA5FCBA7}.Release|x64.Build.0 = Release|x64
		{F913AA51-2049-42A4-AED6-EEE8AA5FCBA7}.Release|x86.ActiveCfg = Release|Win32
		{F913AA51-2049-42A4-AED6-EEE8AA5FCBA7}.Release|x86.Build.0 = Release|Win32
		{E788BB17-D381-45AF-9304-2DE96BD90EE6}.Debug|Any CPU.ActiveCfg = Debug|Any CPU
		{E788BB17-D381-45AF-9304-2DE96BD90EE6}.Debug|x64.ActiveCfg = Debug|Any CPU
		{E788BB17-D381-45AF-9304-2DE96BD90EE6}.Debug|x86.ActiveCfg = Debug|Any CPU
		{E788BB17-D381-45AF-9304-2DE96BD90EE6}.Release|Any CPU.ActiveCfg = Release|Any CPU
		{E788BB17-D381-45AF-9304-2DE96BD90EE6}.Release|x64.ActiveCfg = Release|Any CPU
		{E788BB17-D381-45AF-9304-2DE96BD90EE6}.Release|x86.ActiveCfg = Release|Any CPU
		{F8297747-9D50-44F0-9584-9E026A582F03}.Debug|Any CPU.ActiveCfg = Debug|Any CPU
		{F8297747-9D50-44F0-9584-9E026A582F03}.Debug|x64.ActiveCfg = Debug|Any CPU
		{F8297747-9D50-44F0-9584-9E026A582F03}.Debug|x86.ActiveCfg = Debug|Any CPU
		{F8297747-9D50-44F0-9584-9E026A582F03}.Release|Any CPU.ActiveCfg = Release|Any CPU
		{F8297747-9D50-44F0-9584-9E026A582F03}.Release|x64.ActiveCfg = Release|Any CPU
		{F8297747-9D50-44F0-9584-9E026A582F03}.Release|x86.ActiveCfg = Release|Any CPU
		{CF15AE9D-B995-4B39-A6B7-052654AA8351}.Debug|Any CPU.ActiveCfg = Debug|Any CPU
		{CF15AE9D-B995-4B39-A6B7-052654AA8351}.Debug|x64.ActiveCfg = Debug|Any CPU
		{CF15AE9D-B995-4B39-A6B7-052654AA8351}.Debug|x86.ActiveCfg = Debug|Any CPU
		{CF15AE9D-B995-4B39-A6B7-052654AA8351}.Release|Any CPU.ActiveCfg = Release|Any CPU
		{CF15AE9D-B995-4B39-A6B7-052654AA8351}.Release|x64.ActiveCfg = Release|Any CPU
		{CF15AE9D-B995-4B39-A6B7-052654AA8351}.Release|x86.ActiveCfg = Release|Any CPU
		{1C4B4EE7-9892-4864-994E-89EE582721CB}.Debug|Any CPU.ActiveCfg = Debug|Any CPU
		{1C4B4EE7-9892-4864-994E-89EE582721CB}.Debug|x64.ActiveCfg = Debug|Any CPU
		{1C4B4EE7-9892-4864-994E-89EE582721CB}.Debug|x86.ActiveCfg = Debug|Any CPU
		{1C4B4EE7-9892-4864-994E-89EE582721CB}.Release|Any CPU.ActiveCfg = Release|Any CPU
		{1C4B4EE7-9892-4864-994E-89EE582721CB}.Release|x64.ActiveCfg = Release|Any CPU
		{1C4B4EE7-9892-4864-994E-89EE582721CB}.Release|x86.ActiveCfg = Release|Any CPU
	EndGlobalSection
	GlobalSection(SolutionProperties) = preSolution
		HideSolutionNode = FALSE
	EndGlobalSection
	GlobalSection(ExtensibilityGlobals) = postSolution
		SolutionGuid = {0DA69835-05D2-41B5-B159-B5A290892D6A}
	EndGlobalSection
EndGlobal
